PODS:
  - Flutter (1.0.0)
  - flutter_insider (2.1.0):
    - Flutter
    - InsiderHybrid (= 1.1.2)
    - InsiderMobile (= 10.7.0)
  - iCarousel (1.8.3)
  - InsiderHybrid (1.1.2)
  - InsiderMobile (10.7.0)
  - InsiderMobileAdvancedNotification (1.0.5):
    - iCarousel

DEPENDENCIES:
  - Flutter (from `Flutter`)
  - flutter_insider (from `.symlinks/plugins/flutter_insider/ios`)
  - InsiderMobileAdvancedNotification

SPEC REPOS:
  trunk:
    - iCarousel
    - InsiderHybrid
    - InsiderMobile
    - InsiderMobileAdvancedNotification

EXTERNAL SOURCES:
  Flutter:
    :path: Flutter
  flutter_insider:
    :path: ".symlinks/plugins/flutter_insider/ios"

SPEC CHECKSUMS:
  Flutter: 0e3d915762c693b495b44d77113d4970485de6ec
  flutter_insider: 974c6f2155e66bf49ba158033000850a44588244
  iCarousel: d782f635afac190c49bb8ee455882284cff8b85f
  InsiderHybrid: 64dfb4f033e344be9a42b7121c95983f37b12892
  InsiderMobile: 8b74ee0f67169e8a289555b94ae1670e4308f1fe
  InsiderMobileAdvancedNotification: be6a46e1ee3fde9a0b20848d6efa35b929f85b7a

PODFILE CHECKSUM: ff5898380c01ff21f499c4e2877ffbb385bbd69d

COCOAPODS: 1.9.3
